
Microsoft Visual Studio Solution File, Format Version 12.00
# Visual Studio Version 16
VisualStudioVersion = 16.0.31205.134
MinimumVisualStudioVersion = 10.0.40219.1
Project("{FAE04EC0-301F-11D3-BF4B-00C04F79EFBC}") = "shopban", "shopban\shopban.csproj", "{553A197B-29F5-4A02-AF31-6C460E058C09}"
EndProject
Global
	GlobalSection(SolutionConfigurationPlatforms) = preSolution
		Debug|Any CPU = Debug|Any CPU
		Release|Any CPU = Release|Any CPU
	EndGlobalSection
	GlobalSection(ProjectConfigurationPlatforms) = postSolution
		{553A197B-29F5-4A02-AF31-6C460E058C09}.Debug|Any CPU.ActiveCfg = Debug|Any CPU
		{553A197B-29F5-4A02-AF31-6C460E058C09}.Debug|Any CPU.Build.0 = Debug|Any CPU
		{553A197B-29F5-4A02-AF31-6C460E058C09}.Release|Any CPU.ActiveCfg = Release|Any CPU
		{553A197B-29F5-4A02-AF31-6C460E058C09}.Release|Any CPU.Build.0 = Release|Any CPU
	EndGlobalSection
	GlobalSection(SolutionProperties) = preSolution
		HideSolutionNode = FALSE
	EndGlobalSection
	GlobalSection(ExtensibilityGlobals) = postSolution
		SolutionGuid = {2066D140-7CC3-419A-A012-78BE60E6113F}
	EndGlobalSection
EndGlobal
